
Microsoft Visual Studio Solution File, Format Version 12.00
# Visual Studio Version 17
VisualStudioVersion = 17.11.35312.102
MinimumVisualStudioVersion = 10.0.40219.1
Project("{2150E333-8FDC-42A3-9474-1A3956D46DE8}") = "Task0", "Task0", "{AFD10285-2278-42B2-ACC3-4F8712462A11}"
EndProject
Project("{9A19103F-16F7-4668-BE54-9A1E7A4F7556}") = "Tyuiu.KorobeinikovaDD.Sprint4.Task0.V19", "Tyuiu.KorobeinikovaDD.Sprint4.Task0.V19\Tyuiu.KorobeinikovaDD.Sprint4.Task0.V19.csproj", "{F8FB1715-A415-4FF2-B18D-69DAF5A63DC3}"
EndProject
Project("{9A19103F-16F7-4668-BE54-9A1E7A4F7556}") = "Tyuiu.KorobeinikovaDD.Sprint4.Task0.V19.Lib", "Tyuiu.KorobeinikovaDD.Sprint4.Task0.V19.Lib\Tyuiu.KorobeinikovaDD.Sprint4.Task0.V19.Lib.csproj", "{7D9E072A-A14C-4018-9474-9EAC4984D383}"
EndProject
Project("{9A19103F-16F7-4668-BE54-9A1E7A4F7556}") = "Tyuiu.KorobeinikovaDD.Sprint4.Task0.V19.Test", "Tyuiu.KorobeinikovaDD.Sprint4.Task0.V19.Test\Tyuiu.KorobeinikovaDD.Sprint4.Task0.V19.Test.csproj", "{35244B7B-F44A-4A3D-8179-9F75E12C4993}"
EndProject
Project("{2150E333-8FDC-42A3-9474-1A3956D46DE8}") = "Task1", "Task1", "{12512579-05A7-4717-8DE2-34996746BA4C}"
EndProject
Project("{9A19103F-16F7-4668-BE54-9A1E7A4F7556}") = "Tyuiu.KorobeinikovaDD.Sprint4.Task1.V17", "Tyuiu.KorobeinikovaDD.Sprint4.Task1.V17\Tyuiu.KorobeinikovaDD.Sprint4.Task1.V17.csproj", "{89F19243-C4EE-4735-B26D-9C9BF45EF66E}"
EndProject
Project("{9A19103F-16F7-4668-BE54-9A1E7A4F7556}") = "Tyuiu.KorobeinikovaDD.Sprint4.Task1.V17.Lib", "Tyuiu.KorobeinikovaDD.Sprint4.Task1.V17.Lib\Tyuiu.KorobeinikovaDD.Sprint4.Task1.V17.Lib.csproj", "{FB7CC4DF-B6DE-41D7-B639-5DBBFE991AC5}"
EndProject
Project("{9A19103F-16F7-4668-BE54-9A1E7A4F7556}") = "Tyuiu.KorobeinikovaDD.Sprint4.Task1.V17.Test", "Tyuiu.KorobeinikovaDD.Sprint4.Task1.V17.Test\Tyuiu.KorobeinikovaDD.Sprint4.Task1.V17.Test.csproj", "{0DF6CA90-2461-49A8-B1D5-79C6AD840F2C}"
EndProject
Project("{2150E333-8FDC-42A3-9474-1A3956D46DE8}") = "Task2", "Task2", "{7A3D7650-A784-4BA7-AE77-C12A2EBBF475}"
EndProject
Project("{9A19103F-16F7-4668-BE54-9A1E7A4F7556}") = "Tyuiu.KorobeinikovaDD.Sprint4.Task2.V17", "Tyuiu.KorobeinikovaDD.Sprint4.Task2.V17\Tyuiu.KorobeinikovaDD.Sprint4.Task2.V17.csproj", "{5D700A6F-DE82-4B5B-9A31-20CF99B1156D}"
EndProject
Project("{9A19103F-16F7-4668-BE54-9A1E7A4F7556}") = "Tyuiu.KorobeinikovaDD.Sprint4.Task2.V17.Test", "Tyuiu.KorobeinikovaDD.Sprint4.Task2.V17.Test\Tyuiu.KorobeinikovaDD.Sprint4.Task2.V17.Test.csproj", "{43C66C05-6B21-4541-BB04-CE72B298D611}"
EndProject
Project("{9A19103F-16F7-4668-BE54-9A1E7A4F7556}") = "Tyuiu.KorobeinikovaDD.Sprint4.Task2.V17.Lib", "Tyuiu.KorobeinikovaDD.Sprint4.Task2.V17.Lib\Tyuiu.KorobeinikovaDD.Sprint4.Task2.V17.Lib.csproj", "{CBD10932-B45C-4666-9582-EE56D05A9203}"
EndProject
Project("{2150E333-8FDC-42A3-9474-1A3956D46DE8}") = "Task3", "Task3", "{43B54771-9911-4307-92C7-AFEEC37FE0F5}"
EndProject
Project("{9A19103F-16F7-4668-BE54-9A1E7A4F7556}") = "Tyuiu.KorobeinikovaDD.Sprint4.Task3.V17", "Tyuiu.KorobeinikovaDD.Sprint4.Task3.V17\Tyuiu.KorobeinikovaDD.Sprint4.Task3.V17.csproj", "{B53024B0-A593-4E97-A5AA-CFF14071BA7F}"
EndProject
Project("{9A19103F-16F7-4668-BE54-9A1E7A4F7556}") = "Tyuiu.KorobeinikovaDD.Sprint4.Task3.V17.Lib", "Tyuiu.KorobeinikovaDD.Sprint4.Task3.V17.Lib\Tyuiu.KorobeinikovaDD.Sprint4.Task3.V17.Lib.csproj", "{DCFA91C5-DDF0-4CEF-AA44-BE33792EF836}"
EndProject
Project("{9A19103F-16F7-4668-BE54-9A1E7A4F7556}") = "Tyuiu.KorobeinikovaDD.Sprint4.Task3.V17.Test", "Tyuiu.KorobeinikovaDD.Sprint4.Task3.V17.Test\Tyuiu.KorobeinikovaDD.Sprint4.Task3.V17.Test.csproj", "{1D92A309-8562-4C19-ABD1-77C313638520}"
EndProject
Project("{2150E333-8FDC-42A3-9474-1A3956D46DE8}") = "Task4", "Task4", "{02796FE7-2433-40B6-A56E-C57CC2527087}"
EndProject
Project("{9A19103F-16F7-4668-BE54-9A1E7A4F7556}") = "Tyuiu.KorobeinikovaDD.Sprint4.Task4.V14", "Tyuiu.KorobeinikovaDD.Sprint4.Task4.V14\Tyuiu.KorobeinikovaDD.Sprint4.Task4.V14.csproj", "{075F7FD6-D436-4AEA-8420-74C85647E728}"
EndProject
Project("{9A19103F-16F7-4668-BE54-9A1E7A4F7556}") = "Tyuiu.KorobeinikovaDD.Sprint4.Task4.V14.Lib", "Tyuiu.KorobeinikovaDD.Sprint4.Task4.V14.Lib\Tyuiu.KorobeinikovaDD.Sprint4.Task4.V14.Lib.csproj", "{6D8BC5FC-A8B3-42C1-A120-312DFD9A3DC8}"
EndProject
Project("{9A19103F-16F7-4668-BE54-9A1E7A4F7556}") = "Tyuiu.KorobeinikovaDD.Sprint4.Task4.V14.Test", "Tyuiu.KorobeinikovaDD.Sprint4.Task4.V14.Test\Tyuiu.KorobeinikovaDD.Sprint4.Task4.V14.Test.csproj", "{DB7C06C2-6847-4467-9EEA-9B78C5917AB6}"
EndProject
Project("{2150E333-8FDC-42A3-9474-1A3956D46DE8}") = "Task5", "Task5", "{B6BB3132-7BEA-4126-A5E0-01A6BA7A0CAF}"
EndProject
Project("{FAE04EC0-301F-11D3-BF4B-00C04F79EFBC}") = "Tyuiu.KorobeinikovaDD.Sprint4.Task5.V14", "Tyuiu.KorobeinikovaDD.Sprint4.Task5.V14\Tyuiu.KorobeinikovaDD.Sprint4.Task5.V14.csproj", "{017C91FA-3D0F-46D4-B13C-DAF1B18B02F6}"
EndProject
Project("{FAE04EC0-301F-11D3-BF4B-00C04F79EFBC}") = "Tyuiu.KorobeinikovaDD.Sprint4.Task5.V14.Lib", "Tyuiu.KorobeinikovaDD.Sprint4.Task5.V14.Lib\Tyuiu.KorobeinikovaDD.Sprint4.Task5.V14.Lib.csproj", "{024385D2-5196-478E-956F-36F76AB74AE8}"
EndProject
Project("{FAE04EC0-301F-11D3-BF4B-00C04F79EFBC}") = "Tyuiu.KorobeinikovaDD.Sprint4.Task5.V14.Test", "Tyuiu.KorobeinikovaDD.Sprint4.Task5.V14.Test\Tyuiu.KorobeinikovaDD.Sprint4.Task5.V14.Test.csproj", "{E884FE05-E17C-485F-B106-F08CA037A57D}"
EndProject
Project("{2150E333-8FDC-42A3-9474-1A3956D46DE8}") = "Task6", "Task6", "{01FD7F7C-AE08-41A7-934C-28CE38B3C91B}"
EndProject
Project("{FAE04EC0-301F-11D3-BF4B-00C04F79EFBC}") = "Tyuiu.KorobeinikovaDD.Sprint4.Task6.V26", "Tyuiu.KorobeinikovaDD.Sprint4.Task6.V26\Tyuiu.KorobeinikovaDD.Sprint4.Task6.V26.csproj", "{11EF4EE4-5018-44EC-833B-177840384F3A}"
EndProject
Project("{FAE04EC0-301F-11D3-BF4B-00C04F79EFBC}") = "Tyuiu.KorobeinikovaDD.Sprint4.Task6.V26.Lib", "Tyuiu.KorobeinikovaDD.Sprint4.Task6.V26.Lib\Tyuiu.KorobeinikovaDD.Sprint4.Task6.V26.Lib.csproj", "{8AF13F8F-E506-4598-AF7E-705946AA2F08}"
EndProject
Project("{FAE04EC0-301F-11D3-BF4B-00C04F79EFBC}") = "Tyuiu.KorobeinikovaDD.Sprint4.Task6.V26.Test", "Tyuiu.KorobeinikovaDD.Sprint4.Task6.V26.Test\Tyuiu.KorobeinikovaDD.Sprint4.Task6.V26.Test.csproj", "{576E2F63-E822-448C-B5FE-F18B69DD308D}"
EndProject
Project("{2150E333-8FDC-42A3-9474-1A3956D46DE8}") = "Task7", "Task7", "{DB15B2D3-F792-42A8-8AD3-5C62A0C7413B}"
EndProject
Project("{FAE04EC0-301F-11D3-BF4B-00C04F79EFBC}") = "Tyuiu.KorobeinikovaDD.Sprint4.Task7.V24", "Tyuiu.KorobeinikovaDD.Sprint4.Task7.V24\Tyuiu.KorobeinikovaDD.Sprint4.Task7.V24.csproj", "{31AD841E-4B61-4C87-B263-7D18216326A1}"
EndProject
Project("{FAE04EC0-301F-11D3-BF4B-00C04F79EFBC}") = "Tyuiu.KorobeinikovaDD.Sprint4.Task7.V24.Lib", "Tyuiu.KorobeinikovaDD.Sprint4.Task7.V24.Lib\Tyuiu.KorobeinikovaDD.Sprint4.Task7.V24.Lib.csproj", "{810660FF-D287-4C54-A7A9-D33F59FEED67}"
EndProject
Project("{FAE04EC0-301F-11D3-BF4B-00C04F79EFBC}") = "Tyuiu.KorobeinikovaDD.Sprint4.Task7.V24.Test", "Tyuiu.KorobeinikovaDD.Sprint4.Task7.V24.Test\Tyuiu.KorobeinikovaDD.Sprint4.Task7.V24.Test.csproj", "{D64FB127-B33D-477B-A0D1-B93BA9103CB1}"
EndProject
Global
	GlobalSection(SolutionConfigurationPlatforms) = preSolution
		Debug|Any CPU = Debug|Any CPU
		Release|Any CPU = Release|Any CPU
	EndGlobalSection
	GlobalSection(ProjectConfigurationPlatforms) = postSolution
		{F8FB1715-A415-4FF2-B18D-69DAF5A63DC3}.Debug|Any CPU.ActiveCfg = Debug|Any CPU
		{F8FB1715-A415-4FF2-B18D-69DAF5A63DC3}.Debug|Any CPU.Build.0 = Debug|Any CPU
		{F8FB1715-A415-4FF2-B18D-69DAF5A63DC3}.Release|Any CPU.ActiveCfg = Release|Any CPU
		{F8FB1715-A415-4FF2-B18D-69DAF5A63DC3}.Release|Any CPU.Build.0 = Release|Any CPU
		{7D9E072A-A14C-4018-9474-9EAC4984D383}.Debug|Any CPU.ActiveCfg = Debug|Any CPU
		{7D9E072A-A14C-4018-9474-9EAC4984D383}.Debug|Any CPU.Build.0 = Debug|Any CPU
		{7D9E072A-A14C-4018-9474-9EAC4984D383}.Release|Any CPU.ActiveCfg = Release|Any CPU
		{7D9E072A-A14C-4018-9474-9EAC4984D383}.Release|Any CPU.Build.0 = Release|Any CPU
		{35244B7B-F44A-4A3D-8179-9F75E12C4993}.Debug|Any CPU.ActiveCfg = Debug|Any CPU
		{35244B7B-F44A-4A3D-8179-9F75E12C4993}.Debug|Any CPU.Build.0 = Debug|Any CPU
		{35244B7B-F44A-4A3D-8179-9F75E12C4993}.Release|Any CPU.ActiveCfg = Release|Any CPU
		{35244B7B-F44A-4A3D-8179-9F75E12C4993}.Release|Any CPU.Build.0 = Release|Any CPU
		{89F19243-C4EE-4735-B26D-9C9BF45EF66E}.Debug|Any CPU.ActiveCfg = Debug|Any CPU
		{89F19243-C4EE-4735-B26D-9C9BF45EF66E}.Debug|Any CPU.Build.0 = Debug|Any CPU
		{89F19243-C4EE-4735-B26D-9C9BF45EF66E}.Release|Any CPU.ActiveCfg = Release|Any CPU
		{89F19243-C4EE-4735-B26D-9C9BF45EF66E}.Release|Any CPU.Build.0 = Release|Any CPU
		{FB7CC4DF-B6DE-41D7-B639-5DBBFE991AC5}.Debug|Any CPU.ActiveCfg = Debug|Any CPU
		{FB7CC4DF-B6DE-41D7-B639-5DBBFE991AC5}.Debug|Any CPU.Build.0 = Debug|Any CPU
		{FB7CC4DF-B6DE-41D7-B639-5DBBFE991AC5}.Release|Any CPU.ActiveCfg = Release|Any CPU
		{FB7CC4DF-B6DE-41D7-B639-5DBBFE991AC5}.Release|Any CPU.Build.0 = Release|Any CPU
		{0DF6CA90-2461-49A8-B1D5-79C6AD840F2C}.Debug|Any CPU.ActiveCfg = Debug|Any CPU
		{0DF6CA90-2461-49A8-B1D5-79C6AD840F2C}.Debug|Any CPU.Build.0 = Debug|Any CPU
		{0DF6CA90-2461-49A8-B1D5-79C6AD840F2C}.Release|Any CPU.ActiveCfg = Release|Any CPU
		{0DF6CA90-2461-49A8-B1D5-79C6AD840F2C}.Release|Any CPU.Build.0 = Release|Any CPU
		{5D700A6F-DE82-4B5B-9A31-20CF99B1156D}.Debug|Any CPU.ActiveCfg = Debug|Any CPU
		{5D700A6F-DE82-4B5B-9A31-20CF99B1156D}.Debug|Any CPU.Build.0 = Debug|Any CPU
		{5D700A6F-DE82-4B5B-9A31-20CF99B1156D}.Release|Any CPU.ActiveCfg = Release|Any CPU
		{5D700A6F-DE82-4B5B-9A31-20CF99B1156D}.Release|Any CPU.Build.0 = Release|Any CPU
		{43C66C05-6B21-4541-BB04-CE72B298D611}.Debug|Any CPU.ActiveCfg = Debug|Any CPU
		{43C66C05-6B21-4541-BB04-CE72B298D611}.Debug|Any CPU.Build.0 = Debug|Any CPU
		{43C66C05-6B21-4541-BB04-CE72B298D611}.Release|Any CPU.ActiveCfg = Release|Any CPU
		{43C66C05-6B21-4541-BB04-CE72B298D611}.Release|Any CPU.Build.0 = Release|Any CPU
		{CBD10932-B45C-4666-9582-EE56D05A9203}.Debug|Any CPU.ActiveCfg = Debug|Any CPU
		{CBD10932-B45C-4666-9582-EE56D05A9203}.Debug|Any CPU.Build.0 = Debug|Any CPU
		{CBD10932-B45C-4666-9582-EE56D05A9203}.Release|Any CPU.ActiveCfg = Release|Any CPU
		{CBD10932-B45C-4666-9582-EE56D05A9203}.Release|Any CPU.Build.0 = Release|Any CPU
		{B53024B0-A593-4E97-A5AA-CFF14071BA7F}.Debug|Any CPU.ActiveCfg = Debug|Any CPU
		{B53024B0-A593-4E97-A5AA-CFF14071BA7F}.Debug|Any CPU.Build.0 = Debug|Any CPU
		{B53024B0-A593-4E97-A5AA-CFF14071BA7F}.Release|Any CPU.ActiveCfg = Release|Any CPU
		{B53024B0-A593-4E97-A5AA-CFF14071BA7F}.Release|Any CPU.Build.0 = Release|Any CPU
		{DCFA91C5-DDF0-4CEF-AA44-BE33792EF836}.Debug|Any CPU.ActiveCfg = Debug|Any CPU
		{DCFA91C5-DDF0-4CEF-AA44-BE33792EF836}.Debug|Any CPU.Build.0 = Debug|Any CPU
		{DCFA91C5-DDF0-4CEF-AA44-BE33792EF836}.Release|Any CPU.ActiveCfg = Release|Any CPU
		{DCFA91C5-DDF0-4CEF-AA44-BE33792EF836}.Release|Any CPU.Build.0 = Release|Any CPU
		{1D92A309-8562-4C19-ABD1-77C313638520}.Debug|Any CPU.ActiveCfg = Debug|Any CPU
		{1D92A309-8562-4C19-ABD1-77C313638520}.Debug|Any CPU.Build.0 = Debug|Any CPU
		{1D92A309-8562-4C19-ABD1-77C313638520}.Release|Any CPU.ActiveCfg = Release|Any CPU
		{1D92A309-8562-4C19-ABD1-77C313638520}.Release|Any CPU.Build.0 = Release|Any CPU
		{075F7FD6-D436-4AEA-8420-74C85647E728}.Debug|Any CPU.ActiveCfg = Debug|Any CPU
		{075F7FD6-D436-4AEA-8420-74C85647E728}.Debug|Any CPU.Build.0 = Debug|Any CPU
		{075F7FD6-D436-4AEA-8420-74C85647E728}.Release|Any CPU.ActiveCfg = Release|Any CPU
		{075F7FD6-D436-4AEA-8420-74C85647E728}.Release|Any CPU.Build.0 = Release|Any CPU
		{6D8BC5FC-A8B3-42C1-A120-312DFD9A3DC8}.Debug|Any CPU.ActiveCfg = Debug|Any CPU
		{6D8BC5FC-A8B3-42C1-A120-312DFD9A3DC8}.Debug|Any CPU.Build.0 = Debug|Any CPU
		{6D8BC5FC-A8B3-42C1-A120-312DFD9A3DC8}.Release|Any CPU.ActiveCfg = Release|Any CPU
		{6D8BC5FC-A8B3-42C1-A120-312DFD9A3DC8}.Release|Any CPU.Build.0 = Release|Any CPU
		{DB7C06C2-6847-4467-9EEA-9B78C5917AB6}.Debug|Any CPU.ActiveCfg = Debug|Any CPU
		{DB7C06C2-6847-4467-9EEA-9B78C5917AB6}.Debug|Any CPU.Build.0 = Debug|Any CPU
		{DB7C06C2-6847-4467-9EEA-9B78C5917AB6}.Release|Any CPU.ActiveCfg = Release|Any CPU
		{DB7C06C2-6847-4467-9EEA-9B78C5917AB6}.Release|Any CPU.Build.0 = Release|Any CPU
		{017C91FA-3D0F-46D4-B13C-DAF1B18B02F6}.Debug|Any CPU.ActiveCfg = Debug|Any CPU
		{017C91FA-3D0F-46D4-B13C-DAF1B18B02F6}.Debug|Any CPU.Build.0 = Debug|Any CPU
		{017C91FA-3D0F-46D4-B13C-DAF1B18B02F6}.Release|Any CPU.ActiveCfg = Release|Any CPU
		{017C91FA-3D0F-46D4-B13C-DAF1B18B02F6}.Release|Any CPU.Build.0 = Release|Any CPU
		{024385D2-5196-478E-956F-36F76AB74AE8}.Debug|Any CPU.ActiveCfg = Debug|Any CPU
		{024385D2-5196-478E-956F-36F76AB74AE8}.Debug|Any CPU.Build.0 = Debug|Any CPU
		{024385D2-5196-478E-956F-36F76AB74AE8}.Release|Any CPU.ActiveCfg = Release|Any CPU
		{024385D2-5196-478E-956F-36F76AB74AE8}.Release|Any CPU.Build.0 = Release|Any CPU
		{E884FE05-E17C-485F-B106-F08CA037A57D}.Debug|Any CPU.ActiveCfg = Debug|Any CPU
		{E884FE05-E17C-485F-B106-F08CA037A57D}.Debug|Any CPU.Build.0 = Debug|Any CPU
		{E884FE05-E17C-485F-B106-F08CA037A57D}.Release|Any CPU.ActiveCfg = Release|Any CPU
		{E884FE05-E17C-485F-B106-F08CA037A57D}.Release|Any CPU.Build.0 = Release|Any CPU
		{11EF4EE4-5018-44EC-833B-177840384F3A}.Debug|Any CPU.ActiveCfg = Debug|Any CPU
		{11EF4EE4-5018-44EC-833B-177840384F3A}.Debug|Any CPU.Build.0 = Debug|Any CPU
		{11EF4EE4-5018-44EC-833B-177840384F3A}.Release|Any CPU.ActiveCfg = Release|Any CPU
		{11EF4EE4-5018-44EC-833B-177840384F3A}.Release|Any CPU.Build.0 = Release|Any CPU
		{8AF13F8F-E506-4598-AF7E-705946AA2F08}.Debug|Any CPU.ActiveCfg = Debug|Any CPU
		{8AF13F8F-E506-4598-AF7E-705946AA2F08}.Debug|Any CPU.Build.0 = Debug|Any CPU
		{8AF13F8F-E506-4598-AF7E-705946AA2F08}.Release|Any CPU.ActiveCfg = Release|Any CPU
		{8AF13F8F-E506-4598-AF7E-705946AA2F08}.Release|Any CPU.Build.0 = Release|Any CPU
		{576E2F63-E822-448C-B5FE-F18B69DD308D}.Debug|Any CPU.ActiveCfg = Debug|Any CPU
		{576E2F63-E822-448C-B5FE-F18B69DD308D}.Debug|Any CPU.Build.0 = Debug|Any CPU
		{576E2F63-E822-448C-B5FE-F18B69DD308D}.Release|Any CPU.ActiveCfg = Release|Any CPU
		{576E2F63-E822-448C-B5FE-F18B69DD308D}.Release|Any CPU.Build.0 = Release|Any CPU
		{31AD841E-4B61-4C87-B263-7D18216326A1}.Debug|Any CPU.ActiveCfg = Debug|Any CPU
		{31AD841E-4B61-4C87-B263-7D18216326A1}.Debug|Any CPU.Build.0 = Debug|Any CPU
		{31AD841E-4B61-4C87-B263-7D18216326A1}.Release|Any CPU.ActiveCfg = Release|Any CPU
		{31AD841E-4B61-4C87-B263-7D18216326A1}.Release|Any CPU.Build.0 = Release|Any CPU
		{810660FF-D287-4C54-A7A9-D33F59FEED67}.Debug|Any CPU.ActiveCfg = Debug|Any CPU
		{810660FF-D287-4C54-A7A9-D33F59FEED67}.Debug|Any CPU.Build.0 = Debug|Any CPU
		{810660FF-D287-4C54-A7A9-D33F59FEED67}.Release|Any CPU.ActiveCfg = Release|Any CPU
		{810660FF-D287-4C54-A7A9-D33F59FEED67}.Release|Any CPU.Build.0 = Release|Any CPU
		{D64FB127-B33D-477B-A0D1-B93BA9103CB1}.Debug|Any CPU.ActiveCfg = Debug|Any CPU
		{D64FB127-B33D-477B-A0D1-B93BA9103CB1}.Debug|Any CPU.Build.0 = Debug|Any CPU
		{D64FB127-B33D-477B-A0D1-B93BA9103CB1}.Release|Any CPU.ActiveCfg = Release|Any CPU
		{D64FB127-B33D-477B-A0D1-B93BA9103CB1}.Release|Any CPU.Build.0 = Release|Any CPU
	EndGlobalSection
	GlobalSection(SolutionProperties) = preSolution
		HideSolutionNode = FALSE
	EndGlobalSection
	GlobalSection(NestedProjects) = preSolution
		{F8FB1715-A415-4FF2-B18D-69DAF5A63DC3} = {AFD10285-2278-42B2-ACC3-4F8712462A11}
		{7D9E072A-A14C-4018-9474-9EAC4984D383} = {AFD10285-2278-42B2-ACC3-4F8712462A11}
		{35244B7B-F44A-4A3D-8179-9F75E12C4993} = {AFD10285-2278-42B2-ACC3-4F8712462A11}
		{89F19243-C4EE-4735-B26D-9C9BF45EF66E} = {12512579-05A7-4717-8DE2-34996746BA4C}
		{FB7CC4DF-B6DE-41D7-B639-5DBBFE991AC5} = {12512579-05A7-4717-8DE2-34996746BA4C}
		{0DF6CA90-2461-49A8-B1D5-79C6AD840F2C} = {12512579-05A7-4717-8DE2-34996746BA4C}
		{5D700A6F-DE82-4B5B-9A31-20CF99B1156D} = {7A3D7650-A784-4BA7-AE77-C12A2EBBF475}
		{43C66C05-6B21-4541-BB04-CE72B298D611} = {7A3D7650-A784-4BA7-AE77-C12A2EBBF475}
		{CBD10932-B45C-4666-9582-EE56D05A9203} = {7A3D7650-A784-4BA7-AE77-C12A2EBBF475}
		{B53024B0-A593-4E97-A5AA-CFF14071BA7F} = {43B54771-9911-4307-92C7-AFEEC37FE0F5}
		{DCFA91C5-DDF0-4CEF-AA44-BE33792EF836} = {43B54771-9911-4307-92C7-AFEEC37FE0F5}
		{1D92A309-8562-4C19-ABD1-77C313638520} = {43B54771-9911-4307-92C7-AFEEC37FE0F5}
		{075F7FD6-D436-4AEA-8420-74C85647E728} = {02796FE7-2433-40B6-A56E-C57CC2527087}
		{6D8BC5FC-A8B3-42C1-A120-312DFD9A3DC8} = {02796FE7-2433-40B6-A56E-C57CC2527087}
		{DB7C06C2-6847-4467-9EEA-9B78C5917AB6} = {02796FE7-2433-40B6-A56E-C57CC2527087}
		{017C91FA-3D0F-46D4-B13C-DAF1B18B02F6} = {B6BB3132-7BEA-4126-A5E0-01A6BA7A0CAF}
		{024385D2-5196-478E-956F-36F76AB74AE8} = {B6BB3132-7BEA-4126-A5E0-01A6BA7A0CAF}
		{E884FE05-E17C-485F-B106-F08CA037A57D} = {B6BB3132-7BEA-4126-A5E0-01A6BA7A0CAF}
		{11EF4EE4-5018-44EC-833B-177840384F3A} = {01FD7F7C-AE08-41A7-934C-28CE38B3C91B}
		{8AF13F8F-E506-4598-AF7E-705946AA2F08} = {01FD7F7C-AE08-41A7-934C-28CE38B3C91B}
		{576E2F63-E822-448C-B5FE-F18B69DD308D} = {01FD7F7C-AE08-41A7-934C-28CE38B3C91B}
		{31AD841E-4B61-4C87-B263-7D18216326A1} = {DB15B2D3-F792-42A8-8AD3-5C62A0C7413B}
		{810660FF-D287-4C54-A7A9-D33F59FEED67} = {DB15B2D3-F792-42A8-8AD3-5C62A0C7413B}
		{D64FB127-B33D-477B-A0D1-B93BA9103CB1} = {DB15B2D3-F792-42A8-8AD3-5C62A0C7413B}
	EndGlobalSection
	GlobalSection(ExtensibilityGlobals) = postSolution
		SolutionGuid = {2D3B0A70-83A1-45B3-BFDF-F0F9C0708792}
	EndGlobalSection
EndGlobal
